
Microsoft Visual Studio Solution File, Format Version 12.00
# Visual Studio 15
Project("{FAE04EC0-301F-11D3-BF4B-00C04F79EFBC}") = "AGC013A", "AGC013A\AGC013A.csproj", "{91174E07-1DD1-4443-96D7-95569A51B380}"
EndProject
Global
	GlobalSection(SolutionConfigurationPlatforms) = preSolution
		Debug|anycpu = Debug|anycpu
		Release|anycpu = Release|anycpu
	EndGlobalSection
	GlobalSection(ProjectConfigurationPlatforms) = postSolution
		{91174E07-1DD1-4443-96D7-95569A51B380}.Debug|anycpu.ActiveCfg = Debug|anycpu
		{91174E07-1DD1-4443-96D7-95569A51B380}.Debug|anycpu.Build.0 = Debug|anycpu
		{91174E07-1DD1-4443-96D7-95569A51B380}.Release|anycpu.ActiveCfg = Release|anycpu
		{91174E07-1DD1-4443-96D7-95569A51B380}.Release|anycpu.Build.0 = Release|anycpu
	EndGlobalSection
EndGlobal
