
Microsoft Visual Studio Solution File, Format Version 12.00
# Visual Studio 15
Project("{FAE04EC0-301F-11D3-BF4B-00C04F79EFBC}") = "AGC032A", "AGC032A\AGC032A.csproj", "{FCC767E1-EEAE-4DA1-B2F4-B0128E2ED3C5}"
EndProject
Global
	GlobalSection(SolutionConfigurationPlatforms) = preSolution
		Debug|anycpu = Debug|anycpu
		Release|anycpu = Release|anycpu
	EndGlobalSection
	GlobalSection(ProjectConfigurationPlatforms) = postSolution
		{FCC767E1-EEAE-4DA1-B2F4-B0128E2ED3C5}.Debug|anycpu.ActiveCfg = Debug|anycpu
		{FCC767E1-EEAE-4DA1-B2F4-B0128E2ED3C5}.Debug|anycpu.Build.0 = Debug|anycpu
		{FCC767E1-EEAE-4DA1-B2F4-B0128E2ED3C5}.Release|anycpu.ActiveCfg = Release|anycpu
		{FCC767E1-EEAE-4DA1-B2F4-B0128E2ED3C5}.Release|anycpu.Build.0 = Release|anycpu
	EndGlobalSection
EndGlobal
