
Microsoft Visual Studio Solution File, Format Version 12.00
# Visual Studio 15
Project("{FAE04EC0-301F-11D3-BF4B-00C04F79EFBC}") = "ABC148B", "ABC148B\ABC148B.csproj", "{C16FF37C-02A6-4569-81D0-807ECFE9842F}"
EndProject
Global
	GlobalSection(SolutionConfigurationPlatforms) = preSolution
		Debug|anycpu = Debug|anycpu
		Release|anycpu = Release|anycpu
	EndGlobalSection
	GlobalSection(ProjectConfigurationPlatforms) = postSolution
		{C16FF37C-02A6-4569-81D0-807ECFE9842F}.Debug|anycpu.ActiveCfg = Debug|anycpu
		{C16FF37C-02A6-4569-81D0-807ECFE9842F}.Debug|anycpu.Build.0 = Debug|anycpu
		{C16FF37C-02A6-4569-81D0-807ECFE9842F}.Release|anycpu.ActiveCfg = Release|anycpu
		{C16FF37C-02A6-4569-81D0-807ECFE9842F}.Release|anycpu.Build.0 = Release|anycpu
	EndGlobalSection
EndGlobal
