
Microsoft Visual Studio Solution File, Format Version 12.00
# Visual Studio 15
Project("{FAE04EC0-301F-11D3-BF4B-00C04F79EFBC}") = "ABC148B", "ABC148B\ABC148B.csproj", "{C16FF37C-02A6-4569-81D0-807ECFE9842F}"
EndProject
Project("{FAE04EC0-301F-11D3-BF4B-00C04F79EFBC}") = "ABC148C", "ABC148C\ABC148C.csproj", "{15F75BF3-B6DA-49ED-AE0B-41908463AB8D}"
EndProject
Project("{FAE04EC0-301F-11D3-BF4B-00C04F79EFBC}") = "ABC148A", "ABC148A\ABC148A.csproj", "{1DD555C9-943F-44DE-88D9-8D531E02273A}"
EndProject
Global
	GlobalSection(SolutionConfigurationPlatforms) = preSolution
		Debug|anycpu = Debug|anycpu
		Release|anycpu = Release|anycpu
	EndGlobalSection
	GlobalSection(ProjectConfigurationPlatforms) = postSolution
		{C16FF37C-02A6-4569-81D0-807ECFE9842F}.Debug|anycpu.ActiveCfg = Debug|anycpu
		{C16FF37C-02A6-4569-81D0-807ECFE9842F}.Debug|anycpu.Build.0 = Debug|anycpu
		{C16FF37C-02A6-4569-81D0-807ECFE9842F}.Release|anycpu.ActiveCfg = Release|anycpu
		{C16FF37C-02A6-4569-81D0-807ECFE9842F}.Release|anycpu.Build.0 = Release|anycpu
		{15F75BF3-B6DA-49ED-AE0B-41908463AB8D}.Debug|anycpu.ActiveCfg = Debug|anycpu
		{15F75BF3-B6DA-49ED-AE0B-41908463AB8D}.Debug|anycpu.Build.0 = Debug|anycpu
		{15F75BF3-B6DA-49ED-AE0B-41908463AB8D}.Release|anycpu.ActiveCfg = Release|anycpu
		{15F75BF3-B6DA-49ED-AE0B-41908463AB8D}.Release|anycpu.Build.0 = Release|anycpu
		{1DD555C9-943F-44DE-88D9-8D531E02273A}.Debug|anycpu.ActiveCfg = Debug|anycpu
		{1DD555C9-943F-44DE-88D9-8D531E02273A}.Debug|anycpu.Build.0 = Debug|anycpu
		{1DD555C9-943F-44DE-88D9-8D531E02273A}.Release|anycpu.ActiveCfg = Release|anycpu
		{1DD555C9-943F-44DE-88D9-8D531E02273A}.Release|anycpu.Build.0 = Release|anycpu
	EndGlobalSection
EndGlobal
