
Microsoft Visual Studio Solution File, Format Version 12.00
# Visual Studio 15
Project("{FAE04EC0-301F-11D3-BF4B-00C04F79EFBC}") = "ABC145A", "ABC145A\ABC145A.csproj", "{785D21D0-6EB9-415D-A647-EFC2BA0E0F80}"
EndProject
Project("{FAE04EC0-301F-11D3-BF4B-00C04F79EFBC}") = "ABC145B", "ABC145B\ABC145B.csproj", "{DACE1A5C-3F99-4EAB-86E8-D4EC8BF12EE3}"
EndProject
Project("{FAE04EC0-301F-11D3-BF4B-00C04F79EFBC}") = "ABC145C", "ABC145C\ABC145C.csproj", "{D48E3B04-9E8A-4416-ADA7-F03CA24165CF}"
EndProject
Global
	GlobalSection(SolutionConfigurationPlatforms) = preSolution
		Debug|anycpu = Debug|anycpu
		Release|anycpu = Release|anycpu
	EndGlobalSection
	GlobalSection(ProjectConfigurationPlatforms) = postSolution
		{785D21D0-6EB9-415D-A647-EFC2BA0E0F80}.Debug|anycpu.ActiveCfg = Debug|anycpu
		{785D21D0-6EB9-415D-A647-EFC2BA0E0F80}.Debug|anycpu.Build.0 = Debug|anycpu
		{785D21D0-6EB9-415D-A647-EFC2BA0E0F80}.Release|anycpu.ActiveCfg = Release|anycpu
		{785D21D0-6EB9-415D-A647-EFC2BA0E0F80}.Release|anycpu.Build.0 = Release|anycpu
		{DACE1A5C-3F99-4EAB-86E8-D4EC8BF12EE3}.Debug|anycpu.ActiveCfg = Debug|anycpu
		{DACE1A5C-3F99-4EAB-86E8-D4EC8BF12EE3}.Debug|anycpu.Build.0 = Debug|anycpu
		{DACE1A5C-3F99-4EAB-86E8-D4EC8BF12EE3}.Release|anycpu.ActiveCfg = Release|anycpu
		{DACE1A5C-3F99-4EAB-86E8-D4EC8BF12EE3}.Release|anycpu.Build.0 = Release|anycpu
		{D48E3B04-9E8A-4416-ADA7-F03CA24165CF}.Debug|anycpu.ActiveCfg = Debug|anycpu
		{D48E3B04-9E8A-4416-ADA7-F03CA24165CF}.Debug|anycpu.Build.0 = Debug|anycpu
		{D48E3B04-9E8A-4416-ADA7-F03CA24165CF}.Release|anycpu.ActiveCfg = Release|anycpu
		{D48E3B04-9E8A-4416-ADA7-F03CA24165CF}.Release|anycpu.Build.0 = Release|anycpu
	EndGlobalSection
EndGlobal
