
Microsoft Visual Studio Solution File, Format Version 12.00
# Visual Studio 15
Project("{FAE04EC0-301F-11D3-BF4B-00C04F79EFBC}") = "ABC082B", "ABC082B\ABC082B.csproj", "{96ACCF30-71CB-4E85-AF24-56F5A8F03563}"
EndProject
Global
	GlobalSection(SolutionConfigurationPlatforms) = preSolution
		Debug|anycpu = Debug|anycpu
		Release|anycpu = Release|anycpu
	EndGlobalSection
	GlobalSection(ProjectConfigurationPlatforms) = postSolution
		{96ACCF30-71CB-4E85-AF24-56F5A8F03563}.Debug|anycpu.ActiveCfg = Debug|anycpu
		{96ACCF30-71CB-4E85-AF24-56F5A8F03563}.Debug|anycpu.Build.0 = Debug|anycpu
		{96ACCF30-71CB-4E85-AF24-56F5A8F03563}.Release|anycpu.ActiveCfg = Release|anycpu
		{96ACCF30-71CB-4E85-AF24-56F5A8F03563}.Release|anycpu.Build.0 = Release|anycpu
	EndGlobalSection
EndGlobal
